
Microsoft Visual Studio Solution File, Format Version 12.00
# Visual Studio Version 17
VisualStudioVersion = 17.5.2.0
MinimumVisualStudioVersion = 10.0.40219.1
Project("{FAE04EC0-301F-11D3-BF4B-00C04F79EFBC}") = "CSharpFoundation", "CSharpFoundation\CSharpFoundation.csproj", "{38B4C416-8CEA-4F69-87B0-2C26011ACCE7}"
EndProject
Project("{FAE04EC0-301F-11D3-BF4B-00C04F79EFBC}") = "Module2", "Module2\Module2.csproj", "{FFCEFEEC-1EBE-4BDE-A280-2D630FF42758}"
EndProject
Project("{FAE04EC0-301F-11D3-BF4B-00C04F79EFBC}") = "TestProject", "TestProject\TestProject.csproj", "{24D7E7F0-8797-4AE6-9B8C-BBD97385C047}"
EndProject
Global
	GlobalSection(SolutionConfigurationPlatforms) = preSolution
		Debug|Any CPU = Debug|Any CPU
		Debug|x64 = Debug|x64
		Debug|x86 = Debug|x86
		Release|Any CPU = Release|Any CPU
		Release|x64 = Release|x64
		Release|x86 = Release|x86
	EndGlobalSection
	GlobalSection(ProjectConfigurationPlatforms) = postSolution
		{38B4C416-8CEA-4F69-87B0-2C26011ACCE7}.Debug|Any CPU.ActiveCfg = Debug|Any CPU
		{38B4C416-8CEA-4F69-87B0-2C26011ACCE7}.Debug|Any CPU.Build.0 = Debug|Any CPU
		{38B4C416-8CEA-4F69-87B0-2C26011ACCE7}.Debug|x64.ActiveCfg = Debug|Any CPU
		{38B4C416-8CEA-4F69-87B0-2C26011ACCE7}.Debug|x64.Build.0 = Debug|Any CPU
		{38B4C416-8CEA-4F69-87B0-2C26011ACCE7}.Debug|x86.ActiveCfg = Debug|Any CPU
		{38B4C416-8CEA-4F69-87B0-2C26011ACCE7}.Debug|x86.Build.0 = Debug|Any CPU
		{38B4C416-8CEA-4F69-87B0-2C26011ACCE7}.Release|Any CPU.ActiveCfg = Release|Any CPU
		{38B4C416-8CEA-4F69-87B0-2C26011ACCE7}.Release|Any CPU.Build.0 = Release|Any CPU
		{38B4C416-8CEA-4F69-87B0-2C26011ACCE7}.Release|x64.ActiveCfg = Release|Any CPU
		{38B4C416-8CEA-4F69-87B0-2C26011ACCE7}.Release|x64.Build.0 = Release|Any CPU
		{38B4C416-8CEA-4F69-87B0-2C26011ACCE7}.Release|x86.ActiveCfg = Release|Any CPU
		{38B4C416-8CEA-4F69-87B0-2C26011ACCE7}.Release|x86.Build.0 = Release|Any CPU
		{FFCEFEEC-1EBE-4BDE-A280-2D630FF42758}.Debug|Any CPU.ActiveCfg = Debug|Any CPU
		{FFCEFEEC-1EBE-4BDE-A280-2D630FF42758}.Debug|Any CPU.Build.0 = Debug|Any CPU
		{FFCEFEEC-1EBE-4BDE-A280-2D630FF42758}.Debug|x64.ActiveCfg = Debug|Any CPU
		{FFCEFEEC-1EBE-4BDE-A280-2D630FF42758}.Debug|x64.Build.0 = Debug|Any CPU
		{FFCEFEEC-1EBE-4BDE-A280-2D630FF42758}.Debug|x86.ActiveCfg = Debug|Any CPU
		{FFCEFEEC-1EBE-4BDE-A280-2D630FF42758}.Debug|x86.Build.0 = Debug|Any CPU
		{FFCEFEEC-1EBE-4BDE-A280-2D630FF42758}.Release|Any CPU.ActiveCfg = Release|Any CPU
		{FFCEFEEC-1EBE-4BDE-A280-2D630FF42758}.Release|Any CPU.Build.0 = Release|Any CPU
		{FFCEFEEC-1EBE-4BDE-A280-2D630FF42758}.Release|x64.ActiveCfg = Release|Any CPU
		{FFCEFEEC-1EBE-4BDE-A280-2D630FF42758}.Release|x64.Build.0 = Release|Any CPU
		{FFCEFEEC-1EBE-4BDE-A280-2D630FF42758}.Release|x86.ActiveCfg = Release|Any CPU
		{FFCEFEEC-1EBE-4BDE-A280-2D630FF42758}.Release|x86.Build.0 = Release|Any CPU
		{24D7E7F0-8797-4AE6-9B8C-BBD97385C047}.Debug|Any CPU.ActiveCfg = Debug|Any CPU
		{24D7E7F0-8797-4AE6-9B8C-BBD97385C047}.Debug|Any CPU.Build.0 = Debug|Any CPU
		{24D7E7F0-8797-4AE6-9B8C-BBD97385C047}.Debug|x64.ActiveCfg = Debug|Any CPU
		{24D7E7F0-8797-4AE6-9B8C-BBD97385C047}.Debug|x64.Build.0 = Debug|Any CPU
		{24D7E7F0-8797-4AE6-9B8C-BBD97385C047}.Debug|x86.ActiveCfg = Debug|Any CPU
		{24D7E7F0-8797-4AE6-9B8C-BBD97385C047}.Debug|x86.Build.0 = Debug|Any CPU
		{24D7E7F0-8797-4AE6-9B8C-BBD97385C047}.Release|Any CPU.ActiveCfg = Release|Any CPU
		{24D7E7F0-8797-4AE6-9B8C-BBD97385C047}.Release|Any CPU.Build.0 = Release|Any CPU
		{24D7E7F0-8797-4AE6-9B8C-BBD97385C047}.Release|x64.ActiveCfg = Release|Any CPU
		{24D7E7F0-8797-4AE6-9B8C-BBD97385C047}.Release|x64.Build.0 = Release|Any CPU
		{24D7E7F0-8797-4AE6-9B8C-BBD97385C047}.Release|x86.ActiveCfg = Release|Any CPU
		{24D7E7F0-8797-4AE6-9B8C-BBD97385C047}.Release|x86.Build.0 = Release|Any CPU
	EndGlobalSection
	GlobalSection(SolutionProperties) = preSolution
		HideSolutionNode = FALSE
	EndGlobalSection
	GlobalSection(ExtensibilityGlobals) = postSolution
		SolutionGuid = {55A86D8A-B1D1-4BF5-8A48-1E283ED7700C}
	EndGlobalSection
EndGlobal
